{
  "version": 4,
  "terraform_version": "1.11.3",
  "serial": 2,
  "lineage": "6535184e-870b-f4de-2c04-7b593d38dbc7",
  "outputs": {
    "vm_ip": {
      "value": "34.29.207.110",
      "type": "string"
    }
  },
  "resources": [
    {
      "mode": "managed",
      "type": "google_compute_instance",
      "name": "devops_vm",
      "provider": "provider[\"registry.terraform.io/hashicorp/google\"]",
      "instances": [
        {
          "schema_version": 6,
          "attributes": {
            "advanced_machine_features": [],
            "allow_stopping_for_update": null,
            "attached_disk": [],
            "boot_disk": [
              {
                "auto_delete": true,
                "device_name": "persistent-disk-0",
                "disk_encryption_key_raw": "",
                "disk_encryption_key_sha256": "",
                "guest_os_features": [
                  "UEFI_COMPATIBLE",
                  "VIRTIO_SCSI_MULTIQUEUE",
                  "GVNIC"
                ],
                "initialize_params": [
                  {
                    "architecture": "X86_64",
                    "enable_confidential_compute": false,
                    "image": "https://www.googleapis.com/compute/v1/projects/debian-cloud/global/images/debian-11-bullseye-v20250311",
                    "labels": {},
                    "provisioned_iops": 0,
                    "provisioned_throughput": 0,
                    "resource_manager_tags": null,
                    "resource_policies": [],
                    "size": 10,
                    "storage_pool": "",
                    "type": "pd-standard"
                  }
                ],
                "interface": "",
                "kms_key_self_link": "",
                "mode": "READ_WRITE",
                "source": "https://www.googleapis.com/compute/v1/projects/golden-forge-450813-k6/zones/us-central1-c/disks/assignment3-vm"
              }
            ],
            "can_ip_forward": false,
            "confidential_instance_config": [],
            "cpu_platform": "AMD Rome",
            "creation_timestamp": "2025-04-01T11:54:59.768-07:00",
            "current_status": "RUNNING",
            "deletion_protection": false,
            "description": "",
            "desired_status": null,
            "effective_labels": {
              "goog-terraform-provisioned": "true"
            },
            "enable_display": false,
            "guest_accelerator": [],
            "hostname": "",
            "id": "projects/golden-forge-450813-k6/zones/us-central1-c/instances/assignment3-vm",
            "instance_id": "1884565840809003116",
            "key_revocation_action_type": "",
            "label_fingerprint": "vezUS-42LLM=",
            "labels": null,
            "machine_type": "e2-medium",
            "metadata": {
              "ssh-keys": "terraform:ssh-rsa AAAAB3NzaC1yc2EAAAADAQABAAABAQC3hA/YzKcFOZyZClMibG4sRI19h+W7PPDn8AlwncItxgQ/+iYEbWxE+AWgBGXJBXmubqA/MTA+ZQp4bmZGlaz4S1gWV9NUGl9AizampEjevnzlwhY0rh1+4R0OaFZ/9UexvX4UFYHGLiSeymOpSYAIL4sMkshQdk10qq6wIWhzyR4zVgFokLip5+CIs3CPcRcYQ98vvugpPgHTZd2zNIWHUz+lXzioUyYh97cID3hUvIOvwH8VMzSUOdODad/U+H3ihBATWEvcYpVFSoXgXVp2WXX/+PxJ8AmY4BEC/UFaRO2weR5i0k6hkGNt926lCm90SQy5uuy7hkA8FtxhyHS7 terraform\n"
            },
            "metadata_fingerprint": "bXznnldDreE=",
            "metadata_startup_script": "#!/bin/bash\napt update\napt install -y docker.io docker-compose git\n\ncd /home\n\ngit clone https://github.com/your-username/assignment3.git\n\ncd assignment3\n\ndocker-compose -f docker-compose.yml up -d\ndocker-compose -f docker-compose.elk.yml up -d\n",
            "min_cpu_platform": "",
            "name": "assignment3-vm",
            "network_interface": [
              {
                "access_config": [
                  {
                    "nat_ip": "34.29.207.110",
                    "network_tier": "PREMIUM",
                    "public_ptr_domain_name": ""
                  }
                ],
                "alias_ip_range": [],
                "internal_ipv6_prefix_length": 0,
                "ipv6_access_config": [],
                "ipv6_access_type": "",
                "ipv6_address": "",
                "name": "nic0",
                "network": "https://www.googleapis.com/compute/v1/projects/golden-forge-450813-k6/global/networks/default",
                "network_attachment": "",
                "network_ip": "10.128.0.3",
                "nic_type": "",
                "queue_count": 0,
                "stack_type": "IPV4_ONLY",
                "subnetwork": "https://www.googleapis.com/compute/v1/projects/golden-forge-450813-k6/regions/us-central1/subnetworks/default",
                "subnetwork_project": "golden-forge-450813-k6"
              }
            ],
            "network_performance_config": [],
            "params": [],
            "project": "golden-forge-450813-k6",
            "reservation_affinity": [],
            "resource_policies": null,
            "scheduling": [
              {
                "automatic_restart": true,
                "availability_domain": 0,
                "instance_termination_action": "",
                "local_ssd_recovery_timeout": [],
                "max_run_duration": [],
                "min_node_cpus": 0,
                "node_affinities": [],
                "on_host_maintenance": "MIGRATE",
                "on_instance_stop_action": [],
                "preemptible": false,
                "provisioning_model": "STANDARD",
                "termination_time": ""
              }
            ],
            "scratch_disk": [],
            "self_link": "https://www.googleapis.com/compute/v1/projects/golden-forge-450813-k6/zones/us-central1-c/instances/assignment3-vm",
            "service_account": [],
            "shielded_instance_config": [
              {
                "enable_integrity_monitoring": true,
                "enable_secure_boot": false,
                "enable_vtpm": true
              }
            ],
            "tags": [
              "http-server",
              "https-server"
            ],
            "tags_fingerprint": "6smc4R4d39I=",
            "terraform_labels": {
              "goog-terraform-provisioned": "true"
            },
            "timeouts": null,
            "zone": "us-central1-c"
          },
          "sensitive_attributes": [
            [
              {
                "type": "get_attr",
                "value": "boot_disk"
              },
              {
                "type": "index",
                "value": {
                  "value": 0,
                  "type": "number"
                }
              },
              {
                "type": "get_attr",
                "value": "disk_encryption_key_raw"
              }
            ]
          ],
          "private": "eyJlMmJmYjczMC1lY2FhLTExZTYtOGY4OC0zNDM2M2JjN2M0YzAiOnsiY3JlYXRlIjoxMjAwMDAwMDAwMDAwLCJkZWxldGUiOjEyMDAwMDAwMDAwMDAsInVwZGF0ZSI6MTIwMDAwMDAwMDAwMH0sInNjaGVtYV92ZXJzaW9uIjoiNiJ9"
        }
      ]
    }
  ],
  "check_results": null
}
